
Microsoft Visual Studio Solution File, Format Version 12.00
# Visual Studio 15
VisualStudioVersion = 15.0.28307.705
MinimumVisualStudioVersion = 10.0.40219.1
Project("{FAE04EC0-301F-11D3-BF4B-00C04F79EFBC}") = "ConsoleApp3", "ConsoleApp3\ConsoleApp3.csproj", "{EEC60589-1CD3-4D34-ABCB-E2A5AC5CC9E0}"
EndProject
Global
	GlobalSection(SolutionConfigurationPlatforms) = preSolution
		Debug|Any CPU = Debug|Any CPU
		Release|Any CPU = Release|Any CPU
	EndGlobalSection
	GlobalSection(ProjectConfigurationPlatforms) = postSolution
		{EEC60589-1CD3-4D34-ABCB-E2A5AC5CC9E0}.Debug|Any CPU.ActiveCfg = Debug|Any CPU
		{EEC60589-1CD3-4D34-ABCB-E2A5AC5CC9E0}.Debug|Any CPU.Build.0 = Debug|Any CPU
		{EEC60589-1CD3-4D34-ABCB-E2A5AC5CC9E0}.Release|Any CPU.ActiveCfg = Release|Any CPU
		{EEC60589-1CD3-4D34-ABCB-E2A5AC5CC9E0}.Release|Any CPU.Build.0 = Release|Any CPU
	EndGlobalSection
	GlobalSection(SolutionProperties) = preSolution
		HideSolutionNode = FALSE
	EndGlobalSection
	GlobalSection(ExtensibilityGlobals) = postSolution
		SolutionGuid = {22A726E4-7956-4A42-9827-0C79DB095655}
	EndGlobalSection
EndGlobal
